
Microsoft Visual Studio Solution File, Format Version 12.00
# Visual Studio 15
VisualStudioVersion = 15.0.28010.2003
MinimumVisualStudioVersion = 10.0.40219.1
Project("{FAE04EC0-301F-11D3-BF4B-00C04F79EFBC}") = "Module1Test", "Module1Test\Module1Test.csproj", "{E8275E86-6282-4D07-9234-BD3D6E710E7D}"
EndProject
Global
	GlobalSection(SolutionConfigurationPlatforms) = preSolution
		Debug|Any CPU = Debug|Any CPU
		Release|Any CPU = Release|Any CPU
	EndGlobalSection
	GlobalSection(ProjectConfigurationPlatforms) = postSolution
		{E8275E86-6282-4D07-9234-BD3D6E710E7D}.Debug|Any CPU.ActiveCfg = Debug|Any CPU
		{E8275E86-6282-4D07-9234-BD3D6E710E7D}.Debug|Any CPU.Build.0 = Debug|Any CPU
		{E8275E86-6282-4D07-9234-BD3D6E710E7D}.Release|Any CPU.ActiveCfg = Release|Any CPU
		{E8275E86-6282-4D07-9234-BD3D6E710E7D}.Release|Any CPU.Build.0 = Release|Any CPU
	EndGlobalSection
	GlobalSection(SolutionProperties) = preSolution
		HideSolutionNode = FALSE
	EndGlobalSection
	GlobalSection(ExtensibilityGlobals) = postSolution
		SolutionGuid = {F364D304-15D1-47DA-B3C4-2EB4DB1225AF}
	EndGlobalSection
EndGlobal
